
Microsoft Visual Studio Solution File, Format Version 12.00
# Visual Studio 15
VisualStudioVersion = 15.0.28307.1321
MinimumVisualStudioVersion = 10.0.40219.1
Project("{8BC9CEB8-8B4A-11D0-8D11-00A0C91BC942}") = "CPP_Basic", "CPP_STUDY\CPP_STUDY.vcxproj", "{93D4239B-1E28-494C-9894-6710592CDAF2}"
EndProject
Project("{8BC9CEB8-8B4A-11D0-8D11-00A0C91BC942}") = "ClassBasic", "ClassBasic\ClassBasic.vcxproj", "{F9C439F9-CBFF-411A-B726-3A60DA7A4B21}"
EndProject
Project("{8BC9CEB8-8B4A-11D0-8D11-00A0C91BC942}") = "MockupString", "MockupString\MockupString.vcxproj", "{7CBF0655-2AF1-4D9B-9B4A-088F7CD18829}"
EndProject
Project("{8BC9CEB8-8B4A-11D0-8D11-00A0C91BC942}") = "HasA", "HasA\HasA.vcxproj", "{DB0438CE-8A50-471A-9778-3688CB12AF04}"
EndProject
Project("{8BC9CEB8-8B4A-11D0-8D11-00A0C91BC942}") = "Vector", "Vector\Vector.vcxproj", "{7EA53FCC-CB3C-4907-AC0D-9D210B4D3C27}"
EndProject
Project("{8BC9CEB8-8B4A-11D0-8D11-00A0C91BC942}") = "Template", "Templet\Templet.vcxproj", "{06E36283-2B89-4A00-ADE4-716181B8CF41}"
EndProject
Project("{8BC9CEB8-8B4A-11D0-8D11-00A0C91BC942}") = "Inheritance", "Inheritance\Inheritance.vcxproj", "{11339C47-81AF-4D54-81EC-605B78CBD5BE}"
EndProject
Project("{8BC9CEB8-8B4A-11D0-8D11-00A0C91BC942}") = "Polymorphism", "Polymorphism\Polymorphism.vcxproj", "{8A26C6CA-0481-4EE1-AC1A-559DB0616203}"
EndProject
Global
	GlobalSection(SolutionConfigurationPlatforms) = preSolution
		Debug|x64 = Debug|x64
		Debug|x86 = Debug|x86
		Release|x64 = Release|x64
		Release|x86 = Release|x86
	EndGlobalSection
	GlobalSection(ProjectConfigurationPlatforms) = postSolution
		{93D4239B-1E28-494C-9894-6710592CDAF2}.Debug|x64.ActiveCfg = Debug|x64
		{93D4239B-1E28-494C-9894-6710592CDAF2}.Debug|x64.Build.0 = Debug|x64
		{93D4239B-1E28-494C-9894-6710592CDAF2}.Debug|x86.ActiveCfg = Debug|Win32
		{93D4239B-1E28-494C-9894-6710592CDAF2}.Debug|x86.Build.0 = Debug|Win32
		{93D4239B-1E28-494C-9894-6710592CDAF2}.Release|x64.ActiveCfg = Release|x64
		{93D4239B-1E28-494C-9894-6710592CDAF2}.Release|x64.Build.0 = Release|x64
		{93D4239B-1E28-494C-9894-6710592CDAF2}.Release|x86.ActiveCfg = Release|Win32
		{93D4239B-1E28-494C-9894-6710592CDAF2}.Release|x86.Build.0 = Release|Win32
		{F9C439F9-CBFF-411A-B726-3A60DA7A4B21}.Debug|x64.ActiveCfg = Debug|x64
		{F9C439F9-CBFF-411A-B726-3A60DA7A4B21}.Debug|x64.Build.0 = Debug|x64
		{F9C439F9-CBFF-411A-B726-3A60DA7A4B21}.Debug|x86.ActiveCfg = Debug|Win32
		{F9C439F9-CBFF-411A-B726-3A60DA7A4B21}.Debug|x86.Build.0 = Debug|Win32
		{F9C439F9-CBFF-411A-B726-3A60DA7A4B21}.Release|x64.ActiveCfg = Release|x64
		{F9C439F9-CBFF-411A-B726-3A60DA7A4B21}.Release|x64.Build.0 = Release|x64
		{F9C439F9-CBFF-411A-B726-3A60DA7A4B21}.Release|x86.ActiveCfg = Release|Win32
		{F9C439F9-CBFF-411A-B726-3A60DA7A4B21}.Release|x86.Build.0 = Release|Win32
		{7CBF0655-2AF1-4D9B-9B4A-088F7CD18829}.Debug|x64.ActiveCfg = Debug|x64
		{7CBF0655-2AF1-4D9B-9B4A-088F7CD18829}.Debug|x64.Build.0 = Debug|x64
		{7CBF0655-2AF1-4D9B-9B4A-088F7CD18829}.Debug|x86.ActiveCfg = Debug|Win32
		{7CBF0655-2AF1-4D9B-9B4A-088F7CD18829}.Debug|x86.Build.0 = Debug|Win32
		{7CBF0655-2AF1-4D9B-9B4A-088F7CD18829}.Release|x64.ActiveCfg = Release|x64
		{7CBF0655-2AF1-4D9B-9B4A-088F7CD18829}.Release|x64.Build.0 = Release|x64
		{7CBF0655-2AF1-4D9B-9B4A-088F7CD18829}.Release|x86.ActiveCfg = Release|Win32
		{7CBF0655-2AF1-4D9B-9B4A-088F7CD18829}.Release|x86.Build.0 = Release|Win32
		{DB0438CE-8A50-471A-9778-3688CB12AF04}.Debug|x64.ActiveCfg = Debug|x64
		{DB0438CE-8A50-471A-9778-3688CB12AF04}.Debug|x64.Build.0 = Debug|x64
		{DB0438CE-8A50-471A-9778-3688CB12AF04}.Debug|x86.ActiveCfg = Debug|Win32
		{DB0438CE-8A50-471A-9778-3688CB12AF04}.Debug|x86.Build.0 = Debug|Win32
		{DB0438CE-8A50-471A-9778-3688CB12AF04}.Release|x64.ActiveCfg = Release|x64
		{DB0438CE-8A50-471A-9778-3688CB12AF04}.Release|x64.Build.0 = Release|x64
		{DB0438CE-8A50-471A-9778-3688CB12AF04}.Release|x86.ActiveCfg = Release|Win32
		{DB0438CE-8A50-471A-9778-3688CB12AF04}.Release|x86.Build.0 = Release|Win32
		{7EA53FCC-CB3C-4907-AC0D-9D210B4D3C27}.Debug|x64.ActiveCfg = Debug|x64
		{7EA53FCC-CB3C-4907-AC0D-9D210B4D3C27}.Debug|x64.Build.0 = Debug|x64
		{7EA53FCC-CB3C-4907-AC0D-9D210B4D3C27}.Debug|x86.ActiveCfg = Debug|Win32
		{7EA53FCC-CB3C-4907-AC0D-9D210B4D3C27}.Debug|x86.Build.0 = Debug|Win32
		{7EA53FCC-CB3C-4907-AC0D-9D210B4D3C27}.Release|x64.ActiveCfg = Release|x64
		{7EA53FCC-CB3C-4907-AC0D-9D210B4D3C27}.Release|x64.Build.0 = Release|x64
		{7EA53FCC-CB3C-4907-AC0D-9D210B4D3C27}.Release|x86.ActiveCfg = Release|Win32
		{7EA53FCC-CB3C-4907-AC0D-9D210B4D3C27}.Release|x86.Build.0 = Release|Win32
		{06E36283-2B89-4A00-ADE4-716181B8CF41}.Debug|x64.ActiveCfg = Debug|x64
		{06E36283-2B89-4A00-ADE4-716181B8CF41}.Debug|x64.Build.0 = Debug|x64
		{06E36283-2B89-4A00-ADE4-716181B8CF41}.Debug|x86.ActiveCfg = Debug|Win32
		{06E36283-2B89-4A00-ADE4-716181B8CF41}.Debug|x86.Build.0 = Debug|Win32
		{06E36283-2B89-4A00-ADE4-716181B8CF41}.Release|x64.ActiveCfg = Release|x64
		{06E36283-2B89-4A00-ADE4-716181B8CF41}.Release|x64.Build.0 = Release|x64
		{06E36283-2B89-4A00-ADE4-716181B8CF41}.Release|x86.ActiveCfg = Release|Win32
		{06E36283-2B89-4A00-ADE4-716181B8CF41}.Release|x86.Build.0 = Release|Win32
		{11339C47-81AF-4D54-81EC-605B78CBD5BE}.Debug|x64.ActiveCfg = Debug|x64
		{11339C47-81AF-4D54-81EC-605B78CBD5BE}.Debug|x64.Build.0 = Debug|x64
		{11339C47-81AF-4D54-81EC-605B78CBD5BE}.Debug|x86.ActiveCfg = Debug|Win32
		{11339C47-81AF-4D54-81EC-605B78CBD5BE}.Debug|x86.Build.0 = Debug|Win32
		{11339C47-81AF-4D54-81EC-605B78CBD5BE}.Release|x64.ActiveCfg = Release|x64
		{11339C47-81AF-4D54-81EC-605B78CBD5BE}.Release|x64.Build.0 = Release|x64
		{11339C47-81AF-4D54-81EC-605B78CBD5BE}.Release|x86.ActiveCfg = Release|Win32
		{11339C47-81AF-4D54-81EC-605B78CBD5BE}.Release|x86.Build.0 = Release|Win32
		{8A26C6CA-0481-4EE1-AC1A-559DB0616203}.Debug|x64.ActiveCfg = Debug|x64
		{8A26C6CA-0481-4EE1-AC1A-559DB0616203}.Debug|x64.Build.0 = Debug|x64
		{8A26C6CA-0481-4EE1-AC1A-559DB0616203}.Debug|x86.ActiveCfg = Debug|Win32
		{8A26C6CA-0481-4EE1-AC1A-559DB0616203}.Debug|x86.Build.0 = Debug|Win32
		{8A26C6CA-0481-4EE1-AC1A-559DB0616203}.Release|x64.ActiveCfg = Release|x64
		{8A26C6CA-0481-4EE1-AC1A-559DB0616203}.Release|x64.Build.0 = Release|x64
		{8A26C6CA-0481-4EE1-AC1A-559DB0616203}.Release|x86.ActiveCfg = Release|Win32
		{8A26C6CA-0481-4EE1-AC1A-559DB0616203}.Release|x86.Build.0 = Release|Win32
	EndGlobalSection
	GlobalSection(SolutionProperties) = preSolution
		HideSolutionNode = FALSE
	EndGlobalSection
	GlobalSection(ExtensibilityGlobals) = postSolution
		SolutionGuid = {52A4F964-E338-4D4A-BD96-7EFE7B696031}
	EndGlobalSection
EndGlobal
